
Microsoft Visual Studio Solution File, Format Version 12.00
# Visual Studio Version 17
VisualStudioVersion = 17.14.36310.24
MinimumVisualStudioVersion = 10.0.40219.1
Project("{FAE04EC0-301F-11D3-BF4B-00C04F79EFBC}") = "Alunos.API", "alunos-api\src\Alunos.API\Alunos.API.csproj", "{91F9B2D0-EBF5-5576-9C1E-BA6382F8A80D}"
EndProject
Project("{2150E333-8FDC-42A3-9474-1A3956D46DE8}") = "Alunos", "Alunos", "{02EA681E-C7D8-13C7-8484-4AC65E1B71E8}"
EndProject
Project("{FAE04EC0-301F-11D3-BF4B-00C04F79EFBC}") = "Alunos.Application", "alunos-api\src\Alunos.Application\Alunos.Application.csproj", "{2768A51A-A05F-1B59-4D25-2F834D5B9239}"
EndProject
Project("{FAE04EC0-301F-11D3-BF4B-00C04F79EFBC}") = "Alunos.Domain", "alunos-api\src\Alunos.Domain\Alunos.Domain.csproj", "{03CAF54C-1817-9BC0-862D-39490545A0B1}"
EndProject
Project("{FAE04EC0-301F-11D3-BF4B-00C04F79EFBC}") = "Alunos.Infrastructure", "alunos-api\src\Alunos.Infrastructure\Alunos.Infrastructure.csproj", "{C77D7424-989C-F60D-8E08-9FC29C52E62F}"
EndProject
Project("{2150E333-8FDC-42A3-9474-1A3956D46DE8}") = "Auth", "Auth", "{4D9BBC96-E07B-49E1-B70A-E977EAD242A2}"
EndProject
Project("{FAE04EC0-301F-11D3-BF4B-00C04F79EFBC}") = "Auth.API", "auth-api\src\Auth.API\Auth.API.csproj", "{D7BEFB9E-B46A-D308-2F94-9D0C87D07D4A}"
EndProject
Project("{FAE04EC0-301F-11D3-BF4B-00C04F79EFBC}") = "Auth.Application", "auth-api\src\Auth.Application\Auth.Application.csproj", "{DB585E5C-CFE4-6307-5915-7F86A3CD26AD}"
EndProject
Project("{FAE04EC0-301F-11D3-BF4B-00C04F79EFBC}") = "Auth.Domain", "auth-api\src\Auth.Domain\Auth.Domain.csproj", "{5B938C78-50A7-F275-4D1D-F6F215D496BC}"
EndProject
Project("{FAE04EC0-301F-11D3-BF4B-00C04F79EFBC}") = "Auth.Infrastructure", "auth-api\src\Auth.Infrastructure\Auth.Infrastructure.csproj", "{345B69FC-EEE1-C6A6-C6E6-2C389873B806}"
EndProject
Project("{2150E333-8FDC-42A3-9474-1A3956D46DE8}") = "BFF", "BFF", "{276DFDF9-0248-4A68-9C7D-3FC227BCBDBF}"
EndProject
Project("{FAE04EC0-301F-11D3-BF4B-00C04F79EFBC}") = "BFF.API", "bff-api\src\BFF.API\BFF.API.csproj", "{2ECD056C-262C-CF00-0E1A-1A49C26F9AB7}"
EndProject
Project("{FAE04EC0-301F-11D3-BF4B-00C04F79EFBC}") = "BFF.Application", "bff-api\src\BFF.Application\BFF.Application.csproj", "{26FC0680-06CE-BDD9-DC85-B3656B8E35AF}"
EndProject
Project("{FAE04EC0-301F-11D3-BF4B-00C04F79EFBC}") = "BFF.Domain", "bff-api\src\BFF.Domain\BFF.Domain.csproj", "{3460349A-275B-7615-DEC6-087E00FD5B3B}"
EndProject
Project("{FAE04EC0-301F-11D3-BF4B-00C04F79EFBC}") = "BFF.Infrastructure", "bff-api\src\BFF.Infrastructure\BFF.Infrastructure.csproj", "{731AAF9C-9717-4D07-AADF-81D3E5507855}"
EndProject
Project("{2150E333-8FDC-42A3-9474-1A3956D46DE8}") = "Conteudos", "Conteudos", "{A34D2295-B8DA-4D1A-8475-30315A57E680}"
EndProject
Project("{FAE04EC0-301F-11D3-BF4B-00C04F79EFBC}") = "Conteudo.API", "conteudo-api\src\Conteudo.API\Conteudo.API.csproj", "{BC193A54-C262-98A7-1639-71A0A38151B1}"
EndProject
Project("{FAE04EC0-301F-11D3-BF4B-00C04F79EFBC}") = "Conteudo.Application", "conteudo-api\src\Conteudo.Application\Conteudo.Application.csproj", "{486584C7-BD17-9173-CAD5-42B88F1CCE05}"
EndProject
Project("{FAE04EC0-301F-11D3-BF4B-00C04F79EFBC}") = "Conteudo.Domain", "conteudo-api\src\Conteudo.Domain\Conteudo.Domain.csproj", "{59EFB361-9297-CFA0-A2F0-51ED1434C2E2}"
EndProject
Project("{FAE04EC0-301F-11D3-BF4B-00C04F79EFBC}") = "Conteudo.Infrastructure", "conteudo-api\src\Conteudo.Infrastructure\Conteudo.Infrastructure.csproj", "{A244348B-29B0-6691-1925-7292B9C77797}"
EndProject
Project("{2150E333-8FDC-42A3-9474-1A3956D46DE8}") = "Pagamentos", "Pagamentos", "{11EB907F-A04A-4EC3-A82C-1D98ACD3CD41}"
EndProject
Project("{2150E333-8FDC-42A3-9474-1A3956D46DE8}") = "Building Blocks", "Building Blocks", "{8C3CAE77-A3D6-4E68-A6BE-36137B5D8935}"
EndProject
Project("{FAE04EC0-301F-11D3-BF4B-00C04F79EFBC}") = "Core", "building-blocks\core\Core.csproj", "{A7F846F9-8BD2-89A4-6DD3-EF1CAF0C3A47}"
EndProject
Project("{2150E333-8FDC-42A3-9474-1A3956D46DE8}") = "Tests", "Tests", "{904054D2-FFF3-489B-A945-2DF46FB0FB32}"
EndProject
Project("{FAE04EC0-301F-11D3-BF4B-00C04F79EFBC}") = "MessageBus", "building-blocks\MessageBus\MessageBus.csproj", "{471AA123-332F-47EC-B3F5-7B34022DD702}"
EndProject
Project("{FAE04EC0-301F-11D3-BF4B-00C04F79EFBC}") = "Pagamento.AntiCorruption", "pagamentos-api\src\Pagamento.AntiCorruption\Pagamento.AntiCorruption.csproj", "{718280C1-A271-5E56-BB7B-98D0570D1A2C}"
EndProject
Project("{FAE04EC0-301F-11D3-BF4B-00C04F79EFBC}") = "Pagamentos.API", "pagamentos-api\src\Pagamentos.API\Pagamentos.API.csproj", "{CB16C04F-A06D-A075-93BA-88CD5FEE4F3C}"
EndProject
Project("{FAE04EC0-301F-11D3-BF4B-00C04F79EFBC}") = "Pagamentos.Application", "pagamentos-api\src\Pagamentos.Application\Pagamentos.Application.csproj", "{A78B99C9-39F8-20F5-DA52-840112EDEC0C}"
EndProject
Project("{FAE04EC0-301F-11D3-BF4B-00C04F79EFBC}") = "Pagamentos.Domain", "pagamentos-api\src\Pagamentos.Domain\Pagamentos.Domain.csproj", "{CC552081-95C0-A391-F628-E2CF915C4D75}"
EndProject
Project("{FAE04EC0-301F-11D3-BF4B-00C04F79EFBC}") = "Pagamentos.Infrastructure", "pagamentos-api\src\Pagamentos.Infrastructure\Pagamentos.Infrastructure.csproj", "{91F170D9-B0B8-BCDD-C8D6-3844E82FA5A2}"
EndProject
Project("{2150E333-8FDC-42A3-9474-1A3956D46DE8}") = "Tests", "Tests", "{FB5739BE-9A6E-4E6E-ABE4-08B4A0815734}"
EndProject
Project("{2150E333-8FDC-42A3-9474-1A3956D46DE8}") = "Tests", "Tests", "{5770AD46-D1F6-4B92-8841-8B0253D2BA0F}"
EndProject
Project("{2150E333-8FDC-42A3-9474-1A3956D46DE8}") = "Tests", "Tests", "{77638560-3E73-4810-B543-33278C13646D}"
EndProject
Project("{2150E333-8FDC-42A3-9474-1A3956D46DE8}") = "Tests", "Tests", "{BB45CFDE-8299-433B-9ADA-A08B0AB42C8F}"
EndProject
Project("{2150E333-8FDC-42A3-9474-1A3956D46DE8}") = "Tests", "Tests", "{56BD3245-F575-45D3-8467-C6F836DE9E9C}"
EndProject
Project("{FAE04EC0-301F-11D3-BF4B-00C04F79EFBC}") = "Auth.IntegrationTests", "tests\Auth.IntegrationTests\Auth.IntegrationTests.csproj", "{7756E2D7-3AC7-303A-7C94-9F3D2B1692AF}"
EndProject
Project("{FAE04EC0-301F-11D3-BF4B-00C04F79EFBC}") = "Auth.UnitTests", "tests\Auth.UnitTests\Auth.UnitTests.csproj", "{4F409CF2-4458-3114-EC96-F14858ED0E7F}"
EndProject
Project("{FAE04EC0-301F-11D3-BF4B-00C04F79EFBC}") = "BFF.IntegrationTests", "tests\BFF.IntegrationTests\BFF.IntegrationTests.csproj", "{170DD56A-7DC1-7182-1D3E-AF3F4C82F4C1}"
EndProject
Project("{FAE04EC0-301F-11D3-BF4B-00C04F79EFBC}") = "Conteudo.IntegrationTests", "tests\Conteudo.IntegrationTests\Conteudo.IntegrationTests.csproj", "{1119AFDA-0835-D2C1-83D9-1B9DD6D75E85}"
EndProject
Project("{FAE04EC0-301F-11D3-BF4B-00C04F79EFBC}") = "Conteudo.UnitTests", "tests\Conteudo.UnitTests\Conteudo.UnitTests.csproj", "{E1C10D69-334A-E8F5-7001-3D72E8EFD35F}"
EndProject
Project("{FAE04EC0-301F-11D3-BF4B-00C04F79EFBC}") = "Pagamentos.IntegrationTests", "tests\Pagamentos.IntegrationTests\Pagamentos.IntegrationTests\Pagamentos.IntegrationTests.csproj", "{9DE62A0E-A363-786E-DE58-1A5946D785F7}"
EndProject
Project("{FAE04EC0-301F-11D3-BF4B-00C04F79EFBC}") = "Pagamentos.UnitTests", "tests\Pagamentos.UnitTests\Pagamentos.UnitTests\Pagamentos.UnitTests.csproj", "{3579C683-278A-14E8-7067-A945AAAE9FB3}"
EndProject
Project("{FAE04EC0-301F-11D3-BF4B-00C04F79EFBC}") = "Core.Tests", "tests\Core.Tests\Core.Tests.csproj", "{5381FF7A-5FD9-48CE-8321-495696660A1A}"
EndProject
Project("{FAE04EC0-301F-11D3-BF4B-00C04F79EFBC}") = "BFF.UnitTests", "tests\BFF.UnitTests\BFF.UnitTests.csproj", "{81D571E3-7800-CFB5-BCA1-8AF50104A81A}"
EndProject
Project("{FAE04EC0-301F-11D3-BF4B-00C04F79EFBC}") = "Alunos.Tests", "tests\Alunos.Tests\Alunos.Tests.csproj", "{4E0045BB-8A25-E387-E02A-B70D13414F91}"
EndProject
Project("{FAE04EC0-301F-11D3-BF4B-00C04F79EFBC}") = "Alunos.IntegrationTests", "tests\Alunos.IntegrationTests\Alunos.IntegrationTests.csproj", "{151B6A54-7C01-1026-24E0-315978D0F3AF}"
EndProject
Project("{2150E333-8FDC-42A3-9474-1A3956D46DE8}") = ".helpers", ".helpers", "{5811FB03-71EA-4865-9A11-B2E566E34B52}"
	ProjectSection(SolutionItems) = preProject
		ClearBinObj.cmd = ClearBinObj.cmd
		tests\TestsCoverage.cmd = tests\TestsCoverage.cmd
	EndProjectSection
EndProject
Global
	GlobalSection(SolutionConfigurationPlatforms) = preSolution
		Debug|Any CPU = Debug|Any CPU
		Release|Any CPU = Release|Any CPU
	EndGlobalSection
	GlobalSection(ProjectConfigurationPlatforms) = postSolution
		{91F9B2D0-EBF5-5576-9C1E-BA6382F8A80D}.Debug|Any CPU.ActiveCfg = Debug|Any CPU
		{91F9B2D0-EBF5-5576-9C1E-BA6382F8A80D}.Debug|Any CPU.Build.0 = Debug|Any CPU
		{91F9B2D0-EBF5-5576-9C1E-BA6382F8A80D}.Release|Any CPU.ActiveCfg = Release|Any CPU
		{91F9B2D0-EBF5-5576-9C1E-BA6382F8A80D}.Release|Any CPU.Build.0 = Release|Any CPU
		{2768A51A-A05F-1B59-4D25-2F834D5B9239}.Debug|Any CPU.ActiveCfg = Debug|Any CPU
		{2768A51A-A05F-1B59-4D25-2F834D5B9239}.Debug|Any CPU.Build.0 = Debug|Any CPU
		{2768A51A-A05F-1B59-4D25-2F834D5B9239}.Release|Any CPU.ActiveCfg = Release|Any CPU
		{2768A51A-A05F-1B59-4D25-2F834D5B9239}.Release|Any CPU.Build.0 = Release|Any CPU
		{03CAF54C-1817-9BC0-862D-39490545A0B1}.Debug|Any CPU.ActiveCfg = Debug|Any CPU
		{03CAF54C-1817-9BC0-862D-39490545A0B1}.Debug|Any CPU.Build.0 = Debug|Any CPU
		{03CAF54C-1817-9BC0-862D-39490545A0B1}.Release|Any CPU.ActiveCfg = Release|Any CPU
		{03CAF54C-1817-9BC0-862D-39490545A0B1}.Release|Any CPU.Build.0 = Release|Any CPU
		{C77D7424-989C-F60D-8E08-9FC29C52E62F}.Debug|Any CPU.ActiveCfg = Debug|Any CPU
		{C77D7424-989C-F60D-8E08-9FC29C52E62F}.Debug|Any CPU.Build.0 = Debug|Any CPU
		{C77D7424-989C-F60D-8E08-9FC29C52E62F}.Release|Any CPU.ActiveCfg = Release|Any CPU
		{C77D7424-989C-F60D-8E08-9FC29C52E62F}.Release|Any CPU.Build.0 = Release|Any CPU
		{D7BEFB9E-B46A-D308-2F94-9D0C87D07D4A}.Debug|Any CPU.ActiveCfg = Debug|Any CPU
		{D7BEFB9E-B46A-D308-2F94-9D0C87D07D4A}.Debug|Any CPU.Build.0 = Debug|Any CPU
		{D7BEFB9E-B46A-D308-2F94-9D0C87D07D4A}.Release|Any CPU.ActiveCfg = Release|Any CPU
		{D7BEFB9E-B46A-D308-2F94-9D0C87D07D4A}.Release|Any CPU.Build.0 = Release|Any CPU
		{DB585E5C-CFE4-6307-5915-7F86A3CD26AD}.Debug|Any CPU.ActiveCfg = Debug|Any CPU
		{DB585E5C-CFE4-6307-5915-7F86A3CD26AD}.Debug|Any CPU.Build.0 = Debug|Any CPU
		{DB585E5C-CFE4-6307-5915-7F86A3CD26AD}.Release|Any CPU.ActiveCfg = Release|Any CPU
		{DB585E5C-CFE4-6307-5915-7F86A3CD26AD}.Release|Any CPU.Build.0 = Release|Any CPU
		{5B938C78-50A7-F275-4D1D-F6F215D496BC}.Debug|Any CPU.ActiveCfg = Debug|Any CPU
		{5B938C78-50A7-F275-4D1D-F6F215D496BC}.Debug|Any CPU.Build.0 = Debug|Any CPU
		{5B938C78-50A7-F275-4D1D-F6F215D496BC}.Release|Any CPU.ActiveCfg = Release|Any CPU
		{5B938C78-50A7-F275-4D1D-F6F215D496BC}.Release|Any CPU.Build.0 = Release|Any CPU
		{345B69FC-EEE1-C6A6-C6E6-2C389873B806}.Debug|Any CPU.ActiveCfg = Debug|Any CPU
		{345B69FC-EEE1-C6A6-C6E6-2C389873B806}.Debug|Any CPU.Build.0 = Debug|Any CPU
		{345B69FC-EEE1-C6A6-C6E6-2C389873B806}.Release|Any CPU.ActiveCfg = Release|Any CPU
		{345B69FC-EEE1-C6A6-C6E6-2C389873B806}.Release|Any CPU.Build.0 = Release|Any CPU
		{2ECD056C-262C-CF00-0E1A-1A49C26F9AB7}.Debug|Any CPU.ActiveCfg = Debug|Any CPU
		{2ECD056C-262C-CF00-0E1A-1A49C26F9AB7}.Debug|Any CPU.Build.0 = Debug|Any CPU
		{2ECD056C-262C-CF00-0E1A-1A49C26F9AB7}.Release|Any CPU.ActiveCfg = Release|Any CPU
		{2ECD056C-262C-CF00-0E1A-1A49C26F9AB7}.Release|Any CPU.Build.0 = Release|Any CPU
		{26FC0680-06CE-BDD9-DC85-B3656B8E35AF}.Debug|Any CPU.ActiveCfg = Debug|Any CPU
		{26FC0680-06CE-BDD9-DC85-B3656B8E35AF}.Debug|Any CPU.Build.0 = Debug|Any CPU
		{26FC0680-06CE-BDD9-DC85-B3656B8E35AF}.Release|Any CPU.ActiveCfg = Release|Any CPU
		{26FC0680-06CE-BDD9-DC85-B3656B8E35AF}.Release|Any CPU.Build.0 = Release|Any CPU
		{3460349A-275B-7615-DEC6-087E00FD5B3B}.Debug|Any CPU.ActiveCfg = Debug|Any CPU
		{3460349A-275B-7615-DEC6-087E00FD5B3B}.Debug|Any CPU.Build.0 = Debug|Any CPU
		{3460349A-275B-7615-DEC6-087E00FD5B3B}.Release|Any CPU.ActiveCfg = Release|Any CPU
		{3460349A-275B-7615-DEC6-087E00FD5B3B}.Release|Any CPU.Build.0 = Release|Any CPU
		{731AAF9C-9717-4D07-AADF-81D3E5507855}.Debug|Any CPU.ActiveCfg = Debug|Any CPU
		{731AAF9C-9717-4D07-AADF-81D3E5507855}.Debug|Any CPU.Build.0 = Debug|Any CPU
		{731AAF9C-9717-4D07-AADF-81D3E5507855}.Release|Any CPU.ActiveCfg = Release|Any CPU
		{731AAF9C-9717-4D07-AADF-81D3E5507855}.Release|Any CPU.Build.0 = Release|Any CPU
		{BC193A54-C262-98A7-1639-71A0A38151B1}.Debug|Any CPU.ActiveCfg = Debug|Any CPU
		{BC193A54-C262-98A7-1639-71A0A38151B1}.Debug|Any CPU.Build.0 = Debug|Any CPU
		{BC193A54-C262-98A7-1639-71A0A38151B1}.Release|Any CPU.ActiveCfg = Release|Any CPU
		{BC193A54-C262-98A7-1639-71A0A38151B1}.Release|Any CPU.Build.0 = Release|Any CPU
		{486584C7-BD17-9173-CAD5-42B88F1CCE05}.Debug|Any CPU.ActiveCfg = Debug|Any CPU
		{486584C7-BD17-9173-CAD5-42B88F1CCE05}.Debug|Any CPU.Build.0 = Debug|Any CPU
		{486584C7-BD17-9173-CAD5-42B88F1CCE05}.Release|Any CPU.ActiveCfg = Release|Any CPU
		{486584C7-BD17-9173-CAD5-42B88F1CCE05}.Release|Any CPU.Build.0 = Release|Any CPU
		{59EFB361-9297-CFA0-A2F0-51ED1434C2E2}.Debug|Any CPU.ActiveCfg = Debug|Any CPU
		{59EFB361-9297-CFA0-A2F0-51ED1434C2E2}.Debug|Any CPU.Build.0 = Debug|Any CPU
		{59EFB361-9297-CFA0-A2F0-51ED1434C2E2}.Release|Any CPU.ActiveCfg = Release|Any CPU
		{59EFB361-9297-CFA0-A2F0-51ED1434C2E2}.Release|Any CPU.Build.0 = Release|Any CPU
		{A244348B-29B0-6691-1925-7292B9C77797}.Debug|Any CPU.ActiveCfg = Debug|Any CPU
		{A244348B-29B0-6691-1925-7292B9C77797}.Debug|Any CPU.Build.0 = Debug|Any CPU
		{A244348B-29B0-6691-1925-7292B9C77797}.Release|Any CPU.ActiveCfg = Release|Any CPU
		{A244348B-29B0-6691-1925-7292B9C77797}.Release|Any CPU.Build.0 = Release|Any CPU
		{A7F846F9-8BD2-89A4-6DD3-EF1CAF0C3A47}.Debug|Any CPU.ActiveCfg = Debug|Any CPU
		{A7F846F9-8BD2-89A4-6DD3-EF1CAF0C3A47}.Debug|Any CPU.Build.0 = Debug|Any CPU
		{A7F846F9-8BD2-89A4-6DD3-EF1CAF0C3A47}.Release|Any CPU.ActiveCfg = Release|Any CPU
		{A7F846F9-8BD2-89A4-6DD3-EF1CAF0C3A47}.Release|Any CPU.Build.0 = Release|Any CPU
		{471AA123-332F-47EC-B3F5-7B34022DD702}.Debug|Any CPU.ActiveCfg = Debug|Any CPU
		{471AA123-332F-47EC-B3F5-7B34022DD702}.Debug|Any CPU.Build.0 = Debug|Any CPU
		{471AA123-332F-47EC-B3F5-7B34022DD702}.Release|Any CPU.ActiveCfg = Release|Any CPU
		{471AA123-332F-47EC-B3F5-7B34022DD702}.Release|Any CPU.Build.0 = Release|Any CPU
		{718280C1-A271-5E56-BB7B-98D0570D1A2C}.Debug|Any CPU.ActiveCfg = Debug|Any CPU
		{718280C1-A271-5E56-BB7B-98D0570D1A2C}.Debug|Any CPU.Build.0 = Debug|Any CPU
		{718280C1-A271-5E56-BB7B-98D0570D1A2C}.Release|Any CPU.ActiveCfg = Release|Any CPU
		{718280C1-A271-5E56-BB7B-98D0570D1A2C}.Release|Any CPU.Build.0 = Release|Any CPU
		{CB16C04F-A06D-A075-93BA-88CD5FEE4F3C}.Debug|Any CPU.ActiveCfg = Debug|Any CPU
		{CB16C04F-A06D-A075-93BA-88CD5FEE4F3C}.Debug|Any CPU.Build.0 = Debug|Any CPU
		{CB16C04F-A06D-A075-93BA-88CD5FEE4F3C}.Release|Any CPU.ActiveCfg = Release|Any CPU
		{CB16C04F-A06D-A075-93BA-88CD5FEE4F3C}.Release|Any CPU.Build.0 = Release|Any CPU
		{A78B99C9-39F8-20F5-DA52-840112EDEC0C}.Debug|Any CPU.ActiveCfg = Debug|Any CPU
		{A78B99C9-39F8-20F5-DA52-840112EDEC0C}.Debug|Any CPU.Build.0 = Debug|Any CPU
		{A78B99C9-39F8-20F5-DA52-840112EDEC0C}.Release|Any CPU.ActiveCfg = Release|Any CPU
		{A78B99C9-39F8-20F5-DA52-840112EDEC0C}.Release|Any CPU.Build.0 = Release|Any CPU
		{CC552081-95C0-A391-F628-E2CF915C4D75}.Debug|Any CPU.ActiveCfg = Debug|Any CPU
		{CC552081-95C0-A391-F628-E2CF915C4D75}.Debug|Any CPU.Build.0 = Debug|Any CPU
		{CC552081-95C0-A391-F628-E2CF915C4D75}.Release|Any CPU.ActiveCfg = Release|Any CPU
		{CC552081-95C0-A391-F628-E2CF915C4D75}.Release|Any CPU.Build.0 = Release|Any CPU
		{91F170D9-B0B8-BCDD-C8D6-3844E82FA5A2}.Debug|Any CPU.ActiveCfg = Debug|Any CPU
		{91F170D9-B0B8-BCDD-C8D6-3844E82FA5A2}.Debug|Any CPU.Build.0 = Debug|Any CPU
		{91F170D9-B0B8-BCDD-C8D6-3844E82FA5A2}.Release|Any CPU.ActiveCfg = Release|Any CPU
		{91F170D9-B0B8-BCDD-C8D6-3844E82FA5A2}.Release|Any CPU.Build.0 = Release|Any CPU
		{7756E2D7-3AC7-303A-7C94-9F3D2B1692AF}.Debug|Any CPU.ActiveCfg = Debug|Any CPU
		{7756E2D7-3AC7-303A-7C94-9F3D2B1692AF}.Debug|Any CPU.Build.0 = Debug|Any CPU
		{7756E2D7-3AC7-303A-7C94-9F3D2B1692AF}.Release|Any CPU.ActiveCfg = Release|Any CPU
		{7756E2D7-3AC7-303A-7C94-9F3D2B1692AF}.Release|Any CPU.Build.0 = Release|Any CPU
		{4F409CF2-4458-3114-EC96-F14858ED0E7F}.Debug|Any CPU.ActiveCfg = Debug|Any CPU
		{4F409CF2-4458-3114-EC96-F14858ED0E7F}.Debug|Any CPU.Build.0 = Debug|Any CPU
		{4F409CF2-4458-3114-EC96-F14858ED0E7F}.Release|Any CPU.ActiveCfg = Release|Any CPU
		{4F409CF2-4458-3114-EC96-F14858ED0E7F}.Release|Any CPU.Build.0 = Release|Any CPU
		{170DD56A-7DC1-7182-1D3E-AF3F4C82F4C1}.Debug|Any CPU.ActiveCfg = Debug|Any CPU
		{170DD56A-7DC1-7182-1D3E-AF3F4C82F4C1}.Debug|Any CPU.Build.0 = Debug|Any CPU
		{170DD56A-7DC1-7182-1D3E-AF3F4C82F4C1}.Release|Any CPU.ActiveCfg = Release|Any CPU
		{170DD56A-7DC1-7182-1D3E-AF3F4C82F4C1}.Release|Any CPU.Build.0 = Release|Any CPU
		{1119AFDA-0835-D2C1-83D9-1B9DD6D75E85}.Debug|Any CPU.ActiveCfg = Debug|Any CPU
		{1119AFDA-0835-D2C1-83D9-1B9DD6D75E85}.Debug|Any CPU.Build.0 = Debug|Any CPU
		{1119AFDA-0835-D2C1-83D9-1B9DD6D75E85}.Release|Any CPU.ActiveCfg = Release|Any CPU
		{1119AFDA-0835-D2C1-83D9-1B9DD6D75E85}.Release|Any CPU.Build.0 = Release|Any CPU
		{E1C10D69-334A-E8F5-7001-3D72E8EFD35F}.Debug|Any CPU.ActiveCfg = Debug|Any CPU
		{E1C10D69-334A-E8F5-7001-3D72E8EFD35F}.Debug|Any CPU.Build.0 = Debug|Any CPU
		{E1C10D69-334A-E8F5-7001-3D72E8EFD35F}.Release|Any CPU.ActiveCfg = Release|Any CPU
		{E1C10D69-334A-E8F5-7001-3D72E8EFD35F}.Release|Any CPU.Build.0 = Release|Any CPU
		{9DE62A0E-A363-786E-DE58-1A5946D785F7}.Debug|Any CPU.ActiveCfg = Debug|Any CPU
		{9DE62A0E-A363-786E-DE58-1A5946D785F7}.Debug|Any CPU.Build.0 = Debug|Any CPU
		{9DE62A0E-A363-786E-DE58-1A5946D785F7}.Release|Any CPU.ActiveCfg = Release|Any CPU
		{9DE62A0E-A363-786E-DE58-1A5946D785F7}.Release|Any CPU.Build.0 = Release|Any CPU
		{3579C683-278A-14E8-7067-A945AAAE9FB3}.Debug|Any CPU.ActiveCfg = Debug|Any CPU
		{3579C683-278A-14E8-7067-A945AAAE9FB3}.Debug|Any CPU.Build.0 = Debug|Any CPU
		{3579C683-278A-14E8-7067-A945AAAE9FB3}.Release|Any CPU.ActiveCfg = Release|Any CPU
		{3579C683-278A-14E8-7067-A945AAAE9FB3}.Release|Any CPU.Build.0 = Release|Any CPU
		{5381FF7A-5FD9-48CE-8321-495696660A1A}.Debug|Any CPU.ActiveCfg = Debug|Any CPU
		{5381FF7A-5FD9-48CE-8321-495696660A1A}.Debug|Any CPU.Build.0 = Debug|Any CPU
		{5381FF7A-5FD9-48CE-8321-495696660A1A}.Release|Any CPU.ActiveCfg = Release|Any CPU
		{5381FF7A-5FD9-48CE-8321-495696660A1A}.Release|Any CPU.Build.0 = Release|Any CPU
		{81D571E3-7800-CFB5-BCA1-8AF50104A81A}.Debug|Any CPU.ActiveCfg = Debug|Any CPU
		{81D571E3-7800-CFB5-BCA1-8AF50104A81A}.Debug|Any CPU.Build.0 = Debug|Any CPU
		{81D571E3-7800-CFB5-BCA1-8AF50104A81A}.Release|Any CPU.ActiveCfg = Release|Any CPU
		{81D571E3-7800-CFB5-BCA1-8AF50104A81A}.Release|Any CPU.Build.0 = Release|Any CPU
		{4E0045BB-8A25-E387-E02A-B70D13414F91}.Debug|Any CPU.ActiveCfg = Debug|Any CPU
		{4E0045BB-8A25-E387-E02A-B70D13414F91}.Debug|Any CPU.Build.0 = Debug|Any CPU
		{4E0045BB-8A25-E387-E02A-B70D13414F91}.Release|Any CPU.ActiveCfg = Release|Any CPU
		{4E0045BB-8A25-E387-E02A-B70D13414F91}.Release|Any CPU.Build.0 = Release|Any CPU
		{151B6A54-7C01-1026-24E0-315978D0F3AF}.Debug|Any CPU.ActiveCfg = Debug|Any CPU
		{151B6A54-7C01-1026-24E0-315978D0F3AF}.Debug|Any CPU.Build.0 = Debug|Any CPU
		{151B6A54-7C01-1026-24E0-315978D0F3AF}.Release|Any CPU.ActiveCfg = Release|Any CPU
		{151B6A54-7C01-1026-24E0-315978D0F3AF}.Release|Any CPU.Build.0 = Release|Any CPU
	EndGlobalSection
	GlobalSection(SolutionProperties) = preSolution
		HideSolutionNode = FALSE
	EndGlobalSection
	GlobalSection(NestedProjects) = preSolution
		{91F9B2D0-EBF5-5576-9C1E-BA6382F8A80D} = {02EA681E-C7D8-13C7-8484-4AC65E1B71E8}
		{2768A51A-A05F-1B59-4D25-2F834D5B9239} = {02EA681E-C7D8-13C7-8484-4AC65E1B71E8}
		{03CAF54C-1817-9BC0-862D-39490545A0B1} = {02EA681E-C7D8-13C7-8484-4AC65E1B71E8}
		{C77D7424-989C-F60D-8E08-9FC29C52E62F} = {02EA681E-C7D8-13C7-8484-4AC65E1B71E8}
		{D7BEFB9E-B46A-D308-2F94-9D0C87D07D4A} = {4D9BBC96-E07B-49E1-B70A-E977EAD242A2}
		{DB585E5C-CFE4-6307-5915-7F86A3CD26AD} = {4D9BBC96-E07B-49E1-B70A-E977EAD242A2}
		{5B938C78-50A7-F275-4D1D-F6F215D496BC} = {4D9BBC96-E07B-49E1-B70A-E977EAD242A2}
		{345B69FC-EEE1-C6A6-C6E6-2C389873B806} = {4D9BBC96-E07B-49E1-B70A-E977EAD242A2}
		{2ECD056C-262C-CF00-0E1A-1A49C26F9AB7} = {276DFDF9-0248-4A68-9C7D-3FC227BCBDBF}
		{26FC0680-06CE-BDD9-DC85-B3656B8E35AF} = {276DFDF9-0248-4A68-9C7D-3FC227BCBDBF}
		{3460349A-275B-7615-DEC6-087E00FD5B3B} = {276DFDF9-0248-4A68-9C7D-3FC227BCBDBF}
		{731AAF9C-9717-4D07-AADF-81D3E5507855} = {276DFDF9-0248-4A68-9C7D-3FC227BCBDBF}
		{BC193A54-C262-98A7-1639-71A0A38151B1} = {A34D2295-B8DA-4D1A-8475-30315A57E680}
		{486584C7-BD17-9173-CAD5-42B88F1CCE05} = {A34D2295-B8DA-4D1A-8475-30315A57E680}
		{59EFB361-9297-CFA0-A2F0-51ED1434C2E2} = {A34D2295-B8DA-4D1A-8475-30315A57E680}
		{A244348B-29B0-6691-1925-7292B9C77797} = {A34D2295-B8DA-4D1A-8475-30315A57E680}
		{A7F846F9-8BD2-89A4-6DD3-EF1CAF0C3A47} = {8C3CAE77-A3D6-4E68-A6BE-36137B5D8935}
		{904054D2-FFF3-489B-A945-2DF46FB0FB32} = {02EA681E-C7D8-13C7-8484-4AC65E1B71E8}
		{471AA123-332F-47EC-B3F5-7B34022DD702} = {8C3CAE77-A3D6-4E68-A6BE-36137B5D8935}
		{718280C1-A271-5E56-BB7B-98D0570D1A2C} = {11EB907F-A04A-4EC3-A82C-1D98ACD3CD41}
		{CB16C04F-A06D-A075-93BA-88CD5FEE4F3C} = {11EB907F-A04A-4EC3-A82C-1D98ACD3CD41}
		{A78B99C9-39F8-20F5-DA52-840112EDEC0C} = {11EB907F-A04A-4EC3-A82C-1D98ACD3CD41}
		{CC552081-95C0-A391-F628-E2CF915C4D75} = {11EB907F-A04A-4EC3-A82C-1D98ACD3CD41}
		{91F170D9-B0B8-BCDD-C8D6-3844E82FA5A2} = {11EB907F-A04A-4EC3-A82C-1D98ACD3CD41}
		{FB5739BE-9A6E-4E6E-ABE4-08B4A0815734} = {4D9BBC96-E07B-49E1-B70A-E977EAD242A2}
		{5770AD46-D1F6-4B92-8841-8B0253D2BA0F} = {276DFDF9-0248-4A68-9C7D-3FC227BCBDBF}
		{77638560-3E73-4810-B543-33278C13646D} = {8C3CAE77-A3D6-4E68-A6BE-36137B5D8935}
		{BB45CFDE-8299-433B-9ADA-A08B0AB42C8F} = {A34D2295-B8DA-4D1A-8475-30315A57E680}
		{56BD3245-F575-45D3-8467-C6F836DE9E9C} = {11EB907F-A04A-4EC3-A82C-1D98ACD3CD41}
		{7756E2D7-3AC7-303A-7C94-9F3D2B1692AF} = {FB5739BE-9A6E-4E6E-ABE4-08B4A0815734}
		{4F409CF2-4458-3114-EC96-F14858ED0E7F} = {FB5739BE-9A6E-4E6E-ABE4-08B4A0815734}
		{170DD56A-7DC1-7182-1D3E-AF3F4C82F4C1} = {5770AD46-D1F6-4B92-8841-8B0253D2BA0F}
		{1119AFDA-0835-D2C1-83D9-1B9DD6D75E85} = {BB45CFDE-8299-433B-9ADA-A08B0AB42C8F}
		{E1C10D69-334A-E8F5-7001-3D72E8EFD35F} = {BB45CFDE-8299-433B-9ADA-A08B0AB42C8F}
		{9DE62A0E-A363-786E-DE58-1A5946D785F7} = {56BD3245-F575-45D3-8467-C6F836DE9E9C}
		{3579C683-278A-14E8-7067-A945AAAE9FB3} = {56BD3245-F575-45D3-8467-C6F836DE9E9C}
		{5381FF7A-5FD9-48CE-8321-495696660A1A} = {77638560-3E73-4810-B543-33278C13646D}
		{81D571E3-7800-CFB5-BCA1-8AF50104A81A} = {5770AD46-D1F6-4B92-8841-8B0253D2BA0F}
		{4E0045BB-8A25-E387-E02A-B70D13414F91} = {904054D2-FFF3-489B-A945-2DF46FB0FB32}
		{151B6A54-7C01-1026-24E0-315978D0F3AF} = {904054D2-FFF3-489B-A945-2DF46FB0FB32}
	EndGlobalSection
	GlobalSection(ExtensibilityGlobals) = postSolution
		SolutionGuid = {CBEC1BAF-9C8B-4F5F-9FEC-20641AD3871D}
	EndGlobalSection
EndGlobal
