
Microsoft Visual Studio Solution File, Format Version 12.00
# Visual Studio Version 17
VisualStudioVersion = 17.0.31903.59
MinimumVisualStudioVersion = 10.0.40219.1
Project("{2150E333-8FDC-42A3-9474-1A3956D46DE8}") = "src", "src", "{827E0CD3-B72D-47B6-A68D-7590B98EB39B}"
EndProject
Project("{FAE04EC0-301F-11D3-BF4B-00C04F79EFBC}") = "Conteudo.API", "src\Conteudo.API\Conteudo.API.csproj", "{8603E107-973D-4CC7-9645-203B8AA9DEBE}"
EndProject
Project("{FAE04EC0-301F-11D3-BF4B-00C04F79EFBC}") = "Conteudo.Domain", "src\Conteudo.Domain\Conteudo.Domain.csproj", "{DA39B0E3-0E10-4D86-A39A-0EDBBDEB490C}"
EndProject
Project("{FAE04EC0-301F-11D3-BF4B-00C04F79EFBC}") = "Conteudo.Application", "src\Conteudo.Application\Conteudo.Application.csproj", "{FBE8B4C3-5178-40AB-9D76-3F584AD2C359}"
EndProject
Project("{FAE04EC0-301F-11D3-BF4B-00C04F79EFBC}") = "Conteudo.Infrastructure", "src\Conteudo.Infrastructure\Conteudo.Infrastructure.csproj", "{086BD0FA-CE77-45A5-BC5B-5BEDF4FAEAA3}"
EndProject
Project("{2150E333-8FDC-42A3-9474-1A3956D46DE8}") = "tests", "tests", "{0AB3BF05-4346-4AA6-1389-037BE0695223}"
EndProject
Project("{FAE04EC0-301F-11D3-BF4B-00C04F79EFBC}") = "Conteudo.UnitTests", "tests\Conteudo.UnitTests\Conteudo.UnitTests.csproj", "{5188674D-C196-4C1B-9775-0AF1BBC80194}"
EndProject
Project("{FAE04EC0-301F-11D3-BF4B-00C04F79EFBC}") = "Conteudo.IntegrationTests", "tests\Conteudo.IntegrationTests\Conteudo.IntegrationTests.csproj", "{99C69390-5AD8-4771-B3C4-376863F4D96E}"
EndProject
Global
	GlobalSection(SolutionConfigurationPlatforms) = preSolution
		Debug|Any CPU = Debug|Any CPU
		Debug|x64 = Debug|x64
		Debug|x86 = Debug|x86
		Release|Any CPU = Release|Any CPU
		Release|x64 = Release|x64
		Release|x86 = Release|x86
	EndGlobalSection
	GlobalSection(ProjectConfigurationPlatforms) = postSolution
		{8603E107-973D-4CC7-9645-203B8AA9DEBE}.Debug|Any CPU.ActiveCfg = Debug|Any CPU
		{8603E107-973D-4CC7-9645-203B8AA9DEBE}.Debug|Any CPU.Build.0 = Debug|Any CPU
		{8603E107-973D-4CC7-9645-203B8AA9DEBE}.Debug|x64.ActiveCfg = Debug|Any CPU
		{8603E107-973D-4CC7-9645-203B8AA9DEBE}.Debug|x64.Build.0 = Debug|Any CPU
		{8603E107-973D-4CC7-9645-203B8AA9DEBE}.Debug|x86.ActiveCfg = Debug|Any CPU
		{8603E107-973D-4CC7-9645-203B8AA9DEBE}.Debug|x86.Build.0 = Debug|Any CPU
		{8603E107-973D-4CC7-9645-203B8AA9DEBE}.Release|Any CPU.ActiveCfg = Release|Any CPU
		{8603E107-973D-4CC7-9645-203B8AA9DEBE}.Release|Any CPU.Build.0 = Release|Any CPU
		{8603E107-973D-4CC7-9645-203B8AA9DEBE}.Release|x64.ActiveCfg = Release|Any CPU
		{8603E107-973D-4CC7-9645-203B8AA9DEBE}.Release|x64.Build.0 = Release|Any CPU
		{8603E107-973D-4CC7-9645-203B8AA9DEBE}.Release|x86.ActiveCfg = Release|Any CPU
		{8603E107-973D-4CC7-9645-203B8AA9DEBE}.Release|x86.Build.0 = Release|Any CPU
		{DA39B0E3-0E10-4D86-A39A-0EDBBDEB490C}.Debug|Any CPU.ActiveCfg = Debug|Any CPU
		{DA39B0E3-0E10-4D86-A39A-0EDBBDEB490C}.Debug|Any CPU.Build.0 = Debug|Any CPU
		{DA39B0E3-0E10-4D86-A39A-0EDBBDEB490C}.Debug|x64.ActiveCfg = Debug|Any CPU
		{DA39B0E3-0E10-4D86-A39A-0EDBBDEB490C}.Debug|x64.Build.0 = Debug|Any CPU
		{DA39B0E3-0E10-4D86-A39A-0EDBBDEB490C}.Debug|x86.ActiveCfg = Debug|Any CPU
		{DA39B0E3-0E10-4D86-A39A-0EDBBDEB490C}.Debug|x86.Build.0 = Debug|Any CPU
		{DA39B0E3-0E10-4D86-A39A-0EDBBDEB490C}.Release|Any CPU.ActiveCfg = Release|Any CPU
		{DA39B0E3-0E10-4D86-A39A-0EDBBDEB490C}.Release|Any CPU.Build.0 = Release|Any CPU
		{DA39B0E3-0E10-4D86-A39A-0EDBBDEB490C}.Release|x64.ActiveCfg = Release|Any CPU
		{DA39B0E3-0E10-4D86-A39A-0EDBBDEB490C}.Release|x64.Build.0 = Release|Any CPU
		{DA39B0E3-0E10-4D86-A39A-0EDBBDEB490C}.Release|x86.ActiveCfg = Release|Any CPU
		{DA39B0E3-0E10-4D86-A39A-0EDBBDEB490C}.Release|x86.Build.0 = Release|Any CPU
		{FBE8B4C3-5178-40AB-9D76-3F584AD2C359}.Debug|Any CPU.ActiveCfg = Debug|Any CPU
		{FBE8B4C3-5178-40AB-9D76-3F584AD2C359}.Debug|Any CPU.Build.0 = Debug|Any CPU
		{FBE8B4C3-5178-40AB-9D76-3F584AD2C359}.Debug|x64.ActiveCfg = Debug|Any CPU
		{FBE8B4C3-5178-40AB-9D76-3F584AD2C359}.Debug|x64.Build.0 = Debug|Any CPU
		{FBE8B4C3-5178-40AB-9D76-3F584AD2C359}.Debug|x86.ActiveCfg = Debug|Any CPU
		{FBE8B4C3-5178-40AB-9D76-3F584AD2C359}.Debug|x86.Build.0 = Debug|Any CPU
		{FBE8B4C3-5178-40AB-9D76-3F584AD2C359}.Release|Any CPU.ActiveCfg = Release|Any CPU
		{FBE8B4C3-5178-40AB-9D76-3F584AD2C359}.Release|Any CPU.Build.0 = Release|Any CPU
		{FBE8B4C3-5178-40AB-9D76-3F584AD2C359}.Release|x64.ActiveCfg = Release|Any CPU
		{FBE8B4C3-5178-40AB-9D76-3F584AD2C359}.Release|x64.Build.0 = Release|Any CPU
		{FBE8B4C3-5178-40AB-9D76-3F584AD2C359}.Release|x86.ActiveCfg = Release|Any CPU
		{FBE8B4C3-5178-40AB-9D76-3F584AD2C359}.Release|x86.Build.0 = Release|Any CPU
		{086BD0FA-CE77-45A5-BC5B-5BEDF4FAEAA3}.Debug|Any CPU.ActiveCfg = Debug|Any CPU
		{086BD0FA-CE77-45A5-BC5B-5BEDF4FAEAA3}.Debug|Any CPU.Build.0 = Debug|Any CPU
		{086BD0FA-CE77-45A5-BC5B-5BEDF4FAEAA3}.Debug|x64.ActiveCfg = Debug|Any CPU
		{086BD0FA-CE77-45A5-BC5B-5BEDF4FAEAA3}.Debug|x64.Build.0 = Debug|Any CPU
		{086BD0FA-CE77-45A5-BC5B-5BEDF4FAEAA3}.Debug|x86.ActiveCfg = Debug|Any CPU
		{086BD0FA-CE77-45A5-BC5B-5BEDF4FAEAA3}.Debug|x86.Build.0 = Debug|Any CPU
		{086BD0FA-CE77-45A5-BC5B-5BEDF4FAEAA3}.Release|Any CPU.ActiveCfg = Release|Any CPU
		{086BD0FA-CE77-45A5-BC5B-5BEDF4FAEAA3}.Release|Any CPU.Build.0 = Release|Any CPU
		{086BD0FA-CE77-45A5-BC5B-5BEDF4FAEAA3}.Release|x64.ActiveCfg = Release|Any CPU
		{086BD0FA-CE77-45A5-BC5B-5BEDF4FAEAA3}.Release|x64.Build.0 = Release|Any CPU
		{086BD0FA-CE77-45A5-BC5B-5BEDF4FAEAA3}.Release|x86.ActiveCfg = Release|Any CPU
		{086BD0FA-CE77-45A5-BC5B-5BEDF4FAEAA3}.Release|x86.Build.0 = Release|Any CPU
		{5188674D-C196-4C1B-9775-0AF1BBC80194}.Debug|Any CPU.ActiveCfg = Debug|Any CPU
		{5188674D-C196-4C1B-9775-0AF1BBC80194}.Debug|Any CPU.Build.0 = Debug|Any CPU
		{5188674D-C196-4C1B-9775-0AF1BBC80194}.Debug|x64.ActiveCfg = Debug|Any CPU
		{5188674D-C196-4C1B-9775-0AF1BBC80194}.Debug|x64.Build.0 = Debug|Any CPU
		{5188674D-C196-4C1B-9775-0AF1BBC80194}.Debug|x86.ActiveCfg = Debug|Any CPU
		{5188674D-C196-4C1B-9775-0AF1BBC80194}.Debug|x86.Build.0 = Debug|Any CPU
		{5188674D-C196-4C1B-9775-0AF1BBC80194}.Release|Any CPU.ActiveCfg = Release|Any CPU
		{5188674D-C196-4C1B-9775-0AF1BBC80194}.Release|Any CPU.Build.0 = Release|Any CPU
		{5188674D-C196-4C1B-9775-0AF1BBC80194}.Release|x64.ActiveCfg = Release|Any CPU
		{5188674D-C196-4C1B-9775-0AF1BBC80194}.Release|x64.Build.0 = Release|Any CPU
		{5188674D-C196-4C1B-9775-0AF1BBC80194}.Release|x86.ActiveCfg = Release|Any CPU
		{5188674D-C196-4C1B-9775-0AF1BBC80194}.Release|x86.Build.0 = Release|Any CPU
		{99C69390-5AD8-4771-B3C4-376863F4D96E}.Debug|Any CPU.ActiveCfg = Debug|Any CPU
		{99C69390-5AD8-4771-B3C4-376863F4D96E}.Debug|Any CPU.Build.0 = Debug|Any CPU
		{99C69390-5AD8-4771-B3C4-376863F4D96E}.Debug|x64.ActiveCfg = Debug|Any CPU
		{99C69390-5AD8-4771-B3C4-376863F4D96E}.Debug|x64.Build.0 = Debug|Any CPU
		{99C69390-5AD8-4771-B3C4-376863F4D96E}.Debug|x86.ActiveCfg = Debug|Any CPU
		{99C69390-5AD8-4771-B3C4-376863F4D96E}.Debug|x86.Build.0 = Debug|Any CPU
		{99C69390-5AD8-4771-B3C4-376863F4D96E}.Release|Any CPU.ActiveCfg = Release|Any CPU
		{99C69390-5AD8-4771-B3C4-376863F4D96E}.Release|Any CPU.Build.0 = Release|Any CPU
		{99C69390-5AD8-4771-B3C4-376863F4D96E}.Release|x64.ActiveCfg = Release|Any CPU
		{99C69390-5AD8-4771-B3C4-376863F4D96E}.Release|x64.Build.0 = Release|Any CPU
		{99C69390-5AD8-4771-B3C4-376863F4D96E}.Release|x86.ActiveCfg = Release|Any CPU
		{99C69390-5AD8-4771-B3C4-376863F4D96E}.Release|x86.Build.0 = Release|Any CPU
	EndGlobalSection
	GlobalSection(SolutionProperties) = preSolution
		HideSolutionNode = FALSE
	EndGlobalSection
	GlobalSection(NestedProjects) = preSolution
		{8603E107-973D-4CC7-9645-203B8AA9DEBE} = {827E0CD3-B72D-47B6-A68D-7590B98EB39B}
		{DA39B0E3-0E10-4D86-A39A-0EDBBDEB490C} = {827E0CD3-B72D-47B6-A68D-7590B98EB39B}
		{FBE8B4C3-5178-40AB-9D76-3F584AD2C359} = {827E0CD3-B72D-47B6-A68D-7590B98EB39B}
		{086BD0FA-CE77-45A5-BC5B-5BEDF4FAEAA3} = {827E0CD3-B72D-47B6-A68D-7590B98EB39B}
		{5188674D-C196-4C1B-9775-0AF1BBC80194} = {0AB3BF05-4346-4AA6-1389-037BE0695223}
		{99C69390-5AD8-4771-B3C4-376863F4D96E} = {0AB3BF05-4346-4AA6-1389-037BE0695223}
	EndGlobalSection
	GlobalSection(ExtensibilityGlobals) = postSolution
		SolutionGuid = {BABC7C80-1744-4549-A090-8ABCCFB18B58}
	EndGlobalSection
EndGlobal
